{
  "nodes": {
    "nixpkgs": {
      "locked": {
        "lastModified": 1756853407,
        "narHash": "sha256-Azl/3UjKWJKkCLpj40e99UswK5WwZLlx8o+rmFZHBQ8=",
        "owner": "NixOS",
        "repo": "nixpkgs",
        "rev": "0eb20446812c77c87b7620fda95af7d39c55a592",
        "type": "github"
      },
      "original": {
        "owner": "NixOS",
        "ref": "release-25.05",
        "repo": "nixpkgs",
        "type": "github"
      }
    },
    "root": {
      "inputs": {
        "nixpkgs": "nixpkgs"
      }
    }
  },
  "root": "root",
  "version": 7
}
