
Microsoft Visual Studio Solution File, Format Version 12.00
Project("{FAE04EC0-301F-11D3-BF4B-00C04F79EFBC}") = "Editor", "Editor\Editor.csproj", "{4255DCC8-6BCA-4AEB-9A61-4772E1B5D4FD}"
EndProject
Project("{FAE04EC0-301F-11D3-BF4B-00C04F79EFBC}") = "Importer", "Importer\Importer.csproj", "{2C480F9E-FAEB-4A6C-AB31-426D822D5155}"
EndProject
Project("{FAE04EC0-301F-11D3-BF4B-00C04F79EFBC}") = "Importer.Tests", "Importer.Tests\Importer.Tests.csproj", "{0F444C64-D873-4088-A1BA-F315A8EFB544}"
EndProject
Global
	GlobalSection(SolutionConfigurationPlatforms) = preSolution
		Debug|Any CPU = Debug|Any CPU
		Release|Any CPU = Release|Any CPU
	EndGlobalSection
	GlobalSection(ProjectConfigurationPlatforms) = postSolution
		{4255DCC8-6BCA-4AEB-9A61-4772E1B5D4FD}.Debug|Any CPU.ActiveCfg = Debug|Any CPU
		{4255DCC8-6BCA-4AEB-9A61-4772E1B5D4FD}.Debug|Any CPU.Build.0 = Debug|Any CPU
		{4255DCC8-6BCA-4AEB-9A61-4772E1B5D4FD}.Release|Any CPU.ActiveCfg = Release|Any CPU
		{4255DCC8-6BCA-4AEB-9A61-4772E1B5D4FD}.Release|Any CPU.Build.0 = Release|Any CPU
		{2C480F9E-FAEB-4A6C-AB31-426D822D5155}.Debug|Any CPU.ActiveCfg = Debug|Any CPU
		{2C480F9E-FAEB-4A6C-AB31-426D822D5155}.Debug|Any CPU.Build.0 = Debug|Any CPU
		{2C480F9E-FAEB-4A6C-AB31-426D822D5155}.Release|Any CPU.ActiveCfg = Release|Any CPU
		{2C480F9E-FAEB-4A6C-AB31-426D822D5155}.Release|Any CPU.Build.0 = Release|Any CPU
		{0F444C64-D873-4088-A1BA-F315A8EFB544}.Debug|Any CPU.ActiveCfg = Debug|Any CPU
		{0F444C64-D873-4088-A1BA-F315A8EFB544}.Debug|Any CPU.Build.0 = Debug|Any CPU
		{0F444C64-D873-4088-A1BA-F315A8EFB544}.Release|Any CPU.ActiveCfg = Release|Any CPU
		{0F444C64-D873-4088-A1BA-F315A8EFB544}.Release|Any CPU.Build.0 = Release|Any CPU
	EndGlobalSection
EndGlobal
